// !$*UTF8*$!
{
	archiveVersion = 1;
	classes = {
	};
	objectVersion = 50;
	objects = {

/* Begin PBXBuildFile section */
		749B92AF208955E9007A3E20 /* AppDelegate.swift in Sources */ = {isa = PBXBuildFile; fileRef = 749B92AE208955E9007A3E20 /* AppDelegate.swift */; };
		749B92B1208955E9007A3E20 /* ViewController.swift in Sources */ = {isa = PBXBuildFile; fileRef = 749B92B0208955E9007A3E20 /* ViewController.swift */; };
		749B92B4208955E9007A3E20 /* Main.storyboard in Resources */ = {isa = PBXBuildFile; fileRef = 749B92B2208955E9007A3E20 /* Main.storyboard */; };
		749B92B6208955EA007A3E20 /* Assets.xcassets in Resources */ = {isa = PBXBuildFile; fileRef = 749B92B5208955EA007A3E20 /* Assets.xcassets */; };
		749B92B9208955EA007A3E20 /* LaunchScreen.storyboard in Resources */ = {isa = PBXBuildFile; fileRef = 749B92B7208955EA007A3E20 /* LaunchScreen.storyboard */; };
/* End PBXBuildFile section */

/* Begin PBXFileReference section */
		749B92AB208955E9007A3E20 /* MAPD714_Maps+Sensors_Lab_TimofeiSopin.app */ = {isa = PBXFileReference; explicitFileType = wrapper.application; includeInIndex = 0; path = "MAPD714_Maps+Sensors_Lab_TimofeiSopin.app"; sourceTree = BUILT_PRODUCTS_DIR; };
		749B92AE208955E9007A3E20 /* AppDelegate.swift */ = {isa = PBXFileReference; lastKnownFileType = sourcecode.swift; path = AppDelegate.swift; sourceTree = "<group>"; };
		749B92B0208955E9007A3E20 /* ViewController.swift */ = {isa = PBXFileReference; lastKnownFileType = sourcecode.swift; path = ViewController.swift; sourceTree = "<group>"; };
		749B92B3208955E9007A3E20 /* Base */ = {isa = PBXFileReference; lastKnownFileType = file.storyboard; name = Base; path = Base.lproj/Main.storyboard; sourceTree = "<group>"; };
		749B92B5208955EA007A3E20 /* Assets.xcassets */ = {isa = PBXFileReference; lastKnownFileType = folder.assetcatalog; path = Assets.xcassets; sourceTree = "<group>"; };
		749B92B8208955EA007A3E20 /* Base */ = {isa = PBXFileReference; lastKnownFileType = file.storyboard; name = Base; path = Base.lproj/LaunchScreen.storyboard; sourceTree = "<group>"; };
		749B92BA208955EA007A3E20 /* Info.plist */ = {isa = PBXFileReference; lastKnownFileType = text.plist.xml; path = Info.plist; sourceTree = "<group>"; };
/* End PBXFileReference section */

/* Begin PBXFrameworksBuildPhase section */
		749B92A8208955E9007A3E20 /* Frameworks */ = {
			isa = PBXFrameworksBuildPhase;
			buildActionMask = 2147483647;
			files = (
			);
			runOnlyForDeploymentPostprocessing = 0;
		};
/* End PBXFrameworksBuildPhase section */

/* Begin PBXGroup section */
		749B92A2208955E9007A3E20 = {
			isa = PBXGroup;
			children = (
				749B92AD208955E9007A3E20 /* MAPD714_Maps+Sensors_Lab_TimofeiSopin */,
				749B92AC208955E9007A3E20 /* Products */,
			);
			sourceTree = "<group>";
		};
		749B92AC208955E9007A3E20 /* Products */ = {
			isa = PBXGroup;
			children = (
				749B92AB208955E9007A3E20 /* MAPD714_Maps+Sensors_Lab_TimofeiSopin.app */,
			);
			name = Products;
			sourceTree = "<group>";
		};
		749B92AD208955E9007A3E20 /* MAPD714_Maps+Sensors_Lab_TimofeiSopin */ = {
			isa = PBXGroup;
			children = (
				749B92AE208955E9007A3E20 /* AppDelegate.swift */,
				749B92B0208955E9007A3E20 /* ViewController.swift */,
				749B92B2208955E9007A3E20 /* Main.storyboard */,
				749B92B5208955EA007A3E20 /* Assets.xcassets */,
				749B92B7208955EA007A3E20 /* LaunchScreen.storyboard */,
				749B92BA208955EA007A3E20 /* Info.plist */,
			);
			path = "MAPD714_Maps+Sensors_Lab_TimofeiSopin";
			sourceTree = "<group>";
		};
/* End PBXGroup section */

/* Begin PBXNativeTarget section */
		749B92AA208955E9007A3E20 /* MAPD714_Maps+Sensors_Lab_TimofeiSopin */ = {
			isa = PBXNativeTarget;
			buildConfigurationList = 749B92BD208955EA007A3E20 /* Build configuration list for PBXNativeTarget "MAPD714_Maps+Sensors_Lab_TimofeiSopin" */;
			buildPhases = (
				749B92A7208955E9007A3E20 /* Sources */,
				749B92A8208955E9007A3E20 /* Frameworks */,
				749B92A9208955E9007A3E20 /* Resources */,
			);
			buildRules = (
			);
			dependencies = (
			);
			name = "MAPD714_Maps+Sensors_Lab_TimofeiSopin";
			productName = "MAPD714_Maps+Sensors_Lab_TimofeiSopin";
			productReference = 749B92AB208955E9007A3E20 /* MAPD714_Maps+Sensors_Lab_TimofeiSopin.app */;
			productType = "com.apple.product-type.application";
		};
/* End PBXNativeTarget section */

/* Begin PBXProject section */
		749B92A3208955E9007A3E20 /* Project object */ = {
			isa = PBXProject;
			attributes = {
				LastSwiftUpdateCheck = 0930;
				LastUpgradeCheck = 0930;
				ORGANIZATIONNAME = "Timofei Sopin";
				TargetAttributes = {
					749B92AA208955E9007A3E20 = {
						CreatedOnToolsVersion = 9.3;
					};
				};
			};
			buildConfigurationList = 749B92A6208955E9007A3E20 /* Build configuration list for PBXProject "MAPD714_Maps+Sensors_Lab_TimofeiSopin" */;
			compatibilityVersion = "Xcode 9.3";
			developmentRegion = en;
			hasScannedForEncodings = 0;
			knownRegions = (
				en,
				Base,
			);
			mainGroup = 749B92A2208955E9007A3E20;
			productRefGroup = 749B92AC208955E9007A3E20 /* Products */;
			projectDirPath = "";
			projectRoot = "";
			targets = (
				749B92AA208955E9007A3E20 /* MAPD714_Maps+Sensors_Lab_TimofeiSopin */,
			);
		};
/* End PBXProject section */

/* Begin PBXResourcesBuildPhase section */
		749B92A9208955E9007A3E20 /* Resources */ = {
			isa = PBXResourcesBuildPhase;
			buildActionMask = 2147483647;
			files = (
				749B92B9208955EA007A3E20 /* LaunchScreen.storyboard in Resources */,
				749B92B6208955EA007A3E20 /* Assets.xcassets in Resources */,
				749B92B4208955E9007A3E20 /* Main.storyboard in Resources */,
			);
			runOnlyForDeploymentPostprocessing = 0;
		};
/* End PBXResourcesBuildPhase section */

/* Begin PBXSourcesBuildPhase section */
		749B92A7208955E9007A3E20 /* Sources */ = {
			isa = PBXSourcesBuildPhase;
			buildActionMask = 2147483647;
			files = (
				749B92B1208955E9007A3E20 /* ViewController.swift in Sources */,
				749B92AF208955E9007A3E20 /* AppDelegate.swift in Sources */,
			);
			runOnlyForDeploymentPostprocessing = 0;
		};
/* End PBXSourcesBuildPhase section */

/* Begin PBXVariantGroup section */
		749B92B2208955E9007A3E20 /* Main.storyboard */ = {
			isa = PBXVariantGroup;
			children = (
				749B92B3208955E9007A3E20 /* Base */,
			);
			name = Main.storyboard;
			sourceTree = "<group>";
		};
		749B92B7208955EA007A3E20 /* LaunchScreen.storyboard */ = {
			isa = PBXVariantGroup;
			children = (
				749B92B8208955EA007A3E20 /* Base */,
			);
			name = LaunchScreen.storyboard;
			sourceTree = "<group>";
		};
/* End PBXVariantGroup section */

/* Begin XCBuildConfiguration section */
		749B92BB208955EA007A3E20 /* Debug */ = {
			isa = XCBuildConfiguration;
			buildSettings = {
				ALWAYS_SEARCH_USER_PATHS = NO;
				CLANG_ANALYZER_NONNULL = YES;
				CLANG_ANALYZER_NUMBER_OBJECT_CONVERSION = YES_AGGRESSIVE;
				CLANG_CXX_LANGUAGE_STANDARD = "gnu++14";
				CLANG_CXX_LIBRARY = "libc++";
				CLANG_ENABLE_MODULES = YES;
				CLANG_ENABLE_OBJC_ARC = YES;
				CLANG_ENABLE_OBJC_WEAK = YES;
				CLANG_WARN_BLOCK_CAPTURE_AUTORELEASING = YES;
				CLANG_WARN_BOOL_CONVERSION = YES;
				CLANG_WARN_COMMA = YES;
				CLANG_WARN_CONSTANT_CONVERSION = YES;
				CLANG_WARN_DEPRECATED_OBJC_IMPLEMENTATIONS = YES;
				CLANG_WARN_DIRECT_OBJC_ISA_USAGE = YES_ERROR;
				CLANG_WARN_DOCUMENTATION_COMMENTS = YES;
				CLANG_WARN_EMPTY_BODY = YES;
				CLANG_WARN_ENUM_CONVERSION = YES;
				CLANG_WARN_INFINITE_RECURSION = YES;
				CLANG_WARN_INT_CONVERSION = YES;
				CLANG_WARN_NON_LITERAL_NULL_CONVERSION = YES;
				CLANG_WARN_OBJC_IMPLICIT_RETAIN_SELF = YES;
				CLANG_WARN_OBJC_LITERAL_CONVERSION = YES;
				CLANG_WARN_OBJC_ROOT_CLASS = YES_ERROR;
				CLANG_WARN_RANGE_LOOP_ANALYSIS = YES;
				CLANG_WARN_STRICT_PROTOTYPES = YES;
				CLANG_WARN_SUSPICIOUS_MOVE = YES;
				CLANG_WARN_UNGUARDED_AVAILABILITY = YES_AGGRESSIVE;
				CLANG_WARN_UNREACHABLE_CODE = YES;
				CLANG_WARN__DUPLICATE_METHOD_MATCH = YES;
				CODE_SIGN_IDENTITY = "iPhone Developer";
				COPY_PHASE_STRIP = NO;
				DEBUG_INFORMATION_FORMAT = dwarf;
				ENABLE_STRICT_OBJC_MSGSEND = YES;
				ENABLE_TESTABILITY = YES;
				GCC_C_LANGUAGE_STANDARD = gnu11;
				GCC_DYNAMIC_NO_PIC = NO;
				GCC_NO_COMMON_BLOCKS = YES;
				GCC_OPTIMIZATION_LEVEL = 0;
				GCC_PREPROCESSOR_DEFINITIONS = (
					"DEBUG=1",
					"$(inherited)",
				);
				GCC_WARN_64_TO_32_BIT_CONVERSION = YES;
				GCC_WARN_ABOUT_RETURN_TYPE = YES_ERROR;
				GCC_WARN_UNDECLARED_SELECTOR = YES;
				GCC_WARN_UNINITIALIZED_AUTOS = YES_AGGRESSIVE;
				GCC_WARN_UNUSED_FUNCTION = YES;
				GCC_WARN_UNUSED_VARIABLE = YES;
				IPHONEOS_DEPLOYMENT_TARGET = 11.3;
				MTL_ENABLE_DEBUG_INFO = YES;
				ONLY_ACTIVE_ARCH = YES;
				SDKROOT = iphoneos;
				SWIFT_ACTIVE_COMPILATION_CONDITIONS = DEBUG;
				SWIFT_OPTIMIZATION_LEVEL = "-Onone";
			};
			name = Debug;
		};
		749B92BC208955EA007A3E20 /* Release */ = {
			isa = XCBuildConfiguration;
			buildSettings = {
				ALWAYS_SEARCH_USER_PATHS = NO;
				CLANG_ANALYZER_NONNULL = YES;
				CLANG_ANALYZER_NUMBER_OBJECT_CONVERSION = YES_AGGRESSIVE;
				CLANG_CXX_LANGUAGE_STANDARD = "gnu++14";
				CLANG_CXX_LIBRARY = "libc++";
				CLANG_ENABLE_MODULES = YES;
				CLANG_ENABLE_OBJC_ARC = YES;
				CLANG_ENABLE_OBJC_WEAK = YES;
				CLANG_WARN_BLOCK_CAPTURE_AUTORELEASING = YES;
				CLANG_WARN_BOOL_CONVERSION = YES;
				CLANG_WARN_COMMA = YES;
				CLANG_WARN_CONSTANT_CONVERSION = YES;
				CLANG_WARN_DEPRECATED_OBJC_IMPLEMENTATIONS = YES;
				CLANG_WARN_DIRECT_OBJC_ISA_USAGE = YES_ERROR;
				CLANG_WARN_DOCUMENTATION_COMMENTS = YES;
				CLANG_WARN_EMPTY_BODY = YES;
				CLANG_WARN_ENUM_CONVERSION = YES;
				CLANG_WARN_INFINITE_RECURSION = YES;
				CLANG_WARN_INT_CONVERSION = YES;
				CLANG_WARN_NON_LITERAL_NULL_CONVERSION = YES;
				CLANG_WARN_OBJC_IMPLICIT_RETAIN_SELF = YES;
				CLANG_WARN_OBJC_LITERAL_CONVERSION = YES;
				CLANG_WARN_OBJC_ROOT_CLASS = YES_ERROR;
				CLANG_WARN_RANGE_LOOP_ANALYSIS = YES;
				CLANG_WARN_STRICT_PROTOTYPES = YES;
				CLANG_WARN_SUSPICIOUS_MOVE = YES;
				CLANG_WARN_UNGUARDED_AVAILABILITY = YES_AGGRESSIVE;
				CLANG_WARN_UNREACHABLE_CODE = YES;
				CLANG_WARN__DUPLICATE_METHOD_MATCH = YES;
				CODE_SIGN_IDENTITY = "iPhone Developer";
				COPY_PHASE_STRIP = NO;
				DEBUG_INFORMATION_FORMAT = "dwarf-with-dsym";
				ENABLE_NS_ASSERTIONS = NO;
				ENABLE_STRICT_OBJC_MSGSEND = YES;
				GCC_C_LANGUAGE_STANDARD = gnu11;
				GCC_NO_COMMON_BLOCKS = YES;
				GCC_WARN_64_TO_32_BIT_CONVERSION = YES;
				GCC_WARN_ABOUT_RETURN_TYPE = YES_ERROR;
				GCC_WARN_UNDECLARED_SELECTOR = YES;
				GCC_WARN_UNINITIALIZED_AUTOS = YES_AGGRESSIVE;
				GCC_WARN_UNUSED_FUNCTION = YES;
				GCC_WARN_UNUSED_VARIABLE = YES;
				IPHONEOS_DEPLOYMENT_TARGET = 11.3;
				MTL_ENABLE_DEBUG_INFO = NO;
				SDKROOT = iphoneos;
				SWIFT_COMPILATION_MODE = wholemodule;
				SWIFT_OPTIMIZATION_LEVEL = "-O";
				VALIDATE_PRODUCT = YES;
			};
			name = Release;
		};
		749B92BE208955EA007A3E20 /* Debug */ = {
			isa = XCBuildConfiguration;
			buildSettings = {
				ASSETCATALOG_COMPILER_APPICON_NAME = AppIcon;
				CODE_SIGN_STYLE = Automatic;
				DEVELOPMENT_TEAM = 6QEFHSRMQX;
				INFOPLIST_FILE = "MAPD714_Maps+Sensors_Lab_TimofeiSopin/Info.plist";
				LD_RUNPATH_SEARCH_PATHS = (
					"$(inherited)",
					"@executable_path/Frameworks",
				);
				PRODUCT_BUNDLE_IDENTIFIER = "in.timsop.MAPD714-Maps-Sensors-Lab-TimofeiSopin";
				PRODUCT_NAME = "$(TARGET_NAME)";
				SWIFT_VERSION = 4.0;
				TARGETED_DEVICE_FAMILY = "1,2";
			};
			name = Debug;
		};
		749B92BF208955EA007A3E20 /* Release */ = {
			isa = XCBuildConfiguration;
			buildSettings = {
				ASSETCATALOG_COMPILER_APPICON_NAME = AppIcon;
				CODE_SIGN_STYLE = Automatic;
				DEVELOPMENT_TEAM = 6QEFHSRMQX;
				INFOPLIST_FILE = "MAPD714_Maps+Sensors_Lab_TimofeiSopin/Info.plist";
				LD_RUNPATH_SEARCH_PATHS = (
					"$(inherited)",
					"@executable_path/Frameworks",
				);
				PRODUCT_BUNDLE_IDENTIFIER = "in.timsop.MAPD714-Maps-Sensors-Lab-TimofeiSopin";
				PRODUCT_NAME = "$(TARGET_NAME)";
				SWIFT_VERSION = 4.0;
				TARGETED_DEVICE_FAMILY = "1,2";
			};
			name = Release;
		};
/* End XCBuildConfiguration section */

/* Begin XCConfigurationList section */
		749B92A6208955E9007A3E20 /* Build configuration list for PBXProject "MAPD714_Maps+Sensors_Lab_TimofeiSopin" */ = {
			isa = XCConfigurationList;
			buildConfigurations = (
				749B92BB208955EA007A3E20 /* Debug */,
				749B92BC208955EA007A3E20 /* Release */,
			);
			defaultConfigurationIsVisible = 0;
			defaultConfigurationName = Release;
		};
		749B92BD208955EA007A3E20 /* Build configuration list for PBXNativeTarget "MAPD714_Maps+Sensors_Lab_TimofeiSopin" */ = {
			isa = XCConfigurationList;
			buildConfigurations = (
				749B92BE208955EA007A3E20 /* Debug */,
				749B92BF208955EA007A3E20 /* Release */,
			);
			defaultConfigurationIsVisible = 0;
			defaultConfigurationName = Release;
		};
/* End XCConfigurationList section */
	};
	rootObject = 749B92A3208955E9007A3E20 /* Project object */;
}
